
Microsoft Visual Studio Solution File, Format Version 12.00
# Visual Studio Version 16
VisualStudioVersion = 16.0.31205.134
MinimumVisualStudioVersion = 10.0.40219.1
Project("{FAE04EC0-301F-11D3-BF4B-00C04F79EFBC}") = "SistemaVendas", "SistemaVendas.csproj", "{29D15163-CCDC-49A4-9605-A65A24217CB5}"
EndProject
Global
	GlobalSection(SolutionConfigurationPlatforms) = preSolution
		Debug|Any CPU = Debug|Any CPU
		Release|Any CPU = Release|Any CPU
	EndGlobalSection
	GlobalSection(ProjectConfigurationPlatforms) = postSolution
		{29D15163-CCDC-49A4-9605-A65A24217CB5}.Debug|Any CPU.ActiveCfg = Debug|Any CPU
		{29D15163-CCDC-49A4-9605-A65A24217CB5}.Debug|Any CPU.Build.0 = Debug|Any CPU
		{29D15163-CCDC-49A4-9605-A65A24217CB5}.Release|Any CPU.ActiveCfg = Release|Any CPU
		{29D15163-CCDC-49A4-9605-A65A24217CB5}.Release|Any CPU.Build.0 = Release|Any CPU
	EndGlobalSection
	GlobalSection(SolutionProperties) = preSolution
		HideSolutionNode = FALSE
	EndGlobalSection
	GlobalSection(ExtensibilityGlobals) = postSolution
		SolutionGuid = {7082751E-26E7-4BCA-8021-40020C957974}
	EndGlobalSection
EndGlobal
